{
  "name": "before-push",
  "version": "0.0.0",
  "lockfileVersion": 1,
  "requires": true,
  "dependencies": {
    "ansi-regex": {
      "version": "3.0.0",
      "resolved": "https://registry.npmjs.org/ansi-regex/-/ansi-regex-3.0.0.tgz",
      "integrity": "sha1-7QMXwyIGT3lGbAKWa922Bas32Zg="
    },
    "check-types": {
      "version": "7.4.0",
      "resolved": "https://registry.npmjs.org/check-types/-/check-types-7.4.0.tgz",
      "integrity": "sha512-YbulWHdfP99UfZ73NcUDlNJhEIDgm9Doq9GhpyXbF+7Aegi3CVV7qqMCKTTqJxlvEvnQBp9IA+dxsGN6xK/nSg=="
    }
  }
}
